<?xml version="1.0" encoding="utf-8"?>
<Project ToolsVersion="4.0" xmlns="http://schemas.microsoft.com/developer/msbuild/2003">
  <ItemGroup>
    <ClCompile Include="gwcwnd.cpp">
      <Filter>Source Files</Filter>
    </ClCompile>
    <ClCompile Include="gwc.cpp">
      <Filter>Source Files</Filter>
    </ClCompile>
    <ClCompile Include="gwcdlg.cpp">
      <Filter>Source Files</Filter>
    </ClCompile>
    <ClCompile Include="gwcapp.cpp">
      <Filter>Source Files</Filter>
    </ClCompile>
    <ClCompile Include="gwcctl.cpp">
      <Filter>Source Files</Filter>
    </ClCompile>
  </ItemGroup>
  <ItemGroup>
    <ClInclude Include="gwc.h">
      <Filter>Header Files</Filter>
    </ClInclude>
    <ClInclude Include="gwcwnd.h">
      <Filter>Header Files</Filter>
    </ClInclude>
    <ClInclude Include="gwcx.h">
      <Filter>Header Files</Filter>
    </ClInclude>
    <ClInclude Include="gwcdlg.h">
      <Filter>Header Files</Filter>
    </ClInclude>
    <ClInclude Include="gwcapp.h">
      <Filter>Header Files</Filter>
    </ClInclude>
    <ClInclude Include="gwcerr.h">
      <Filter>Header Files</Filter>
    </ClInclude>
    <ClInclude Include="gwcrc.h">
      <Filter>Header Files</Filter>
    </ClInclude>
    <ClInclude Include="gwcstl.h">
      <Filter>Header Files</Filter>
    </ClInclude>
    <ClInclude Include="gwcctl.h">
      <Filter>Header Files</Filter>
    </ClInclude>
  </ItemGroup>
  <ItemGroup>
    <Filter Include="Header Files">
      <UniqueIdentifier>{a276dc96-3d08-4fa5-b39d-d7f554faa69a}</UniqueIdentifier>
      <Extensions>h;hpp;hxx;hm;inl;inc;xsd</Extensions>
    </Filter>
    <Filter Include="Source Files">
      <UniqueIdentifier>{7c1b860b-c082-4660-8466-a7941972d883}</UniqueIdentifier>
      <Extensions>cpp;c;cc;cxx;def;odl;idl;hpj;bat;asm;asmx</Extensions>
    </Filter>
    <Filter Include="Resource Files">
      <UniqueIdentifier>{c5d32820-2751-4bdf-b855-6554a8b5d838}</UniqueIdentifier>
      <Extensions>rc;ico;cur;bmp;dlg;rc2;rct;bin;rgs;gif;jpg;jpeg;jpe;resx;tiff;tif;png;wav;mfcribbon-ms</Extensions>
    </Filter>
  </ItemGroup>
  <ItemGroup>
    <ResourceCompile Include="gwc.rc">
      <Filter>Resource Files</Filter>
    </ResourceCompile>
  </ItemGroup>
</Project>